
Microsoft Visual Studio Solution File, Format Version 12.00
# Visual Studio 15
VisualStudioVersion = 15.0.28010.2041
MinimumVisualStudioVersion = 10.0.40219.1
Project("{FAE04EC0-301F-11D3-BF4B-00C04F79EFBC}") = "ServiceApp", "ServiceApp\ServiceApp.csproj", "{FB8C5543-61FB-485F-B346-98747DA30E5A}"
EndProject
Global
	GlobalSection(SolutionConfigurationPlatforms) = preSolution
		Debug|Any CPU = Debug|Any CPU
		Release|Any CPU = Release|Any CPU
	EndGlobalSection
	GlobalSection(ProjectConfigurationPlatforms) = postSolution
		{FB8C5543-61FB-485F-B346-98747DA30E5A}.Debug|Any CPU.ActiveCfg = Debug|Any CPU
		{FB8C5543-61FB-485F-B346-98747DA30E5A}.Debug|Any CPU.Build.0 = Debug|Any CPU
		{FB8C5543-61FB-485F-B346-98747DA30E5A}.Release|Any CPU.ActiveCfg = Release|Any CPU
		{FB8C5543-61FB-485F-B346-98747DA30E5A}.Release|Any CPU.Build.0 = Release|Any CPU
	EndGlobalSection
	GlobalSection(SolutionProperties) = preSolution
		HideSolutionNode = FALSE
	EndGlobalSection
	GlobalSection(ExtensibilityGlobals) = postSolution
		SolutionGuid = {4D4ACB6E-6251-4F93-B08C-627E670A52F2}
	EndGlobalSection
EndGlobal
